
Microsoft Visual Studio Solution File, Format Version 12.00
# Visual Studio Version 17
VisualStudioVersion = 17.14.36121.58 d17.14
MinimumVisualStudioVersion = 10.0.40219.1
Project("{FAE04EC0-301F-11D3-BF4B-00C04F79EFBC}") = "3DGame1", "3DGame1\3DGame1.csproj", "{463935D3-CE15-4B04-974A-283CCA7DE398}"
EndProject
Global
	GlobalSection(SolutionConfigurationPlatforms) = preSolution
		Debug|Any CPU = Debug|Any CPU
		Release|Any CPU = Release|Any CPU
	EndGlobalSection
	GlobalSection(ProjectConfigurationPlatforms) = postSolution
		{463935D3-CE15-4B04-974A-283CCA7DE398}.Debug|Any CPU.ActiveCfg = Debug|Any CPU
		{463935D3-CE15-4B04-974A-283CCA7DE398}.Debug|Any CPU.Build.0 = Debug|Any CPU
		{463935D3-CE15-4B04-974A-283CCA7DE398}.Release|Any CPU.ActiveCfg = Release|Any CPU
		{463935D3-CE15-4B04-974A-283CCA7DE398}.Release|Any CPU.Build.0 = Release|Any CPU
	EndGlobalSection
	GlobalSection(SolutionProperties) = preSolution
		HideSolutionNode = FALSE
	EndGlobalSection
	GlobalSection(ExtensibilityGlobals) = postSolution
		SolutionGuid = {272C443E-E68C-4123-95F2-6AF5212D6D02}
	EndGlobalSection
EndGlobal
